
Microsoft Visual Studio Solution File, Format Version 12.00
# Visual Studio Version 17
VisualStudioVersion = 17.9.34728.123
MinimumVisualStudioVersion = 10.0.40219.1
Project("{9A19103F-16F7-4668-BE54-9A1E7A4F7556}") = "BookingApi_Lisichenko", "BookingApi_Lisichenko\BookingApi_Lisichenko.csproj", "{405F3B8D-C3D5-47F0-B508-0753C273008F}"
EndProject
Project("{9A19103F-16F7-4668-BE54-9A1E7A4F7556}") = "DTO", "DTO\DTO.csproj", "{39B94881-4122-40B0-8592-319BE1ED8B83}"
EndProject
Project("{9A19103F-16F7-4668-BE54-9A1E7A4F7556}") = "Data", "Data\Data.csproj", "{1D892BE3-9039-4C5A-B1C6-49C7487C38B1}"
EndProject
Project("{FAE04EC0-301F-11D3-BF4B-00C04F79EFBC}") = "Repository", "Repository\Repository.csproj", "{497CEDD1-2862-4913-B877-2ACAA2049B91}"
EndProject
Project("{FAE04EC0-301F-11D3-BF4B-00C04F79EFBC}") = "Service", "Service\Service.csproj", "{C6113648-1422-4BC3-8A91-3405DE760841}"
EndProject
Global
	GlobalSection(SolutionConfigurationPlatforms) = preSolution
		Debug|Any CPU = Debug|Any CPU
		Release|Any CPU = Release|Any CPU
	EndGlobalSection
	GlobalSection(ProjectConfigurationPlatforms) = postSolution
		{405F3B8D-C3D5-47F0-B508-0753C273008F}.Debug|Any CPU.ActiveCfg = Debug|Any CPU
		{405F3B8D-C3D5-47F0-B508-0753C273008F}.Debug|Any CPU.Build.0 = Debug|Any CPU
		{405F3B8D-C3D5-47F0-B508-0753C273008F}.Release|Any CPU.ActiveCfg = Release|Any CPU
		{405F3B8D-C3D5-47F0-B508-0753C273008F}.Release|Any CPU.Build.0 = Release|Any CPU
		{39B94881-4122-40B0-8592-319BE1ED8B83}.Debug|Any CPU.ActiveCfg = Debug|Any CPU
		{39B94881-4122-40B0-8592-319BE1ED8B83}.Debug|Any CPU.Build.0 = Debug|Any CPU
		{39B94881-4122-40B0-8592-319BE1ED8B83}.Release|Any CPU.ActiveCfg = Release|Any CPU
		{39B94881-4122-40B0-8592-319BE1ED8B83}.Release|Any CPU.Build.0 = Release|Any CPU
		{1D892BE3-9039-4C5A-B1C6-49C7487C38B1}.Debug|Any CPU.ActiveCfg = Debug|Any CPU
		{1D892BE3-9039-4C5A-B1C6-49C7487C38B1}.Debug|Any CPU.Build.0 = Debug|Any CPU
		{1D892BE3-9039-4C5A-B1C6-49C7487C38B1}.Release|Any CPU.ActiveCfg = Release|Any CPU
		{1D892BE3-9039-4C5A-B1C6-49C7487C38B1}.Release|Any CPU.Build.0 = Release|Any CPU
		{497CEDD1-2862-4913-B877-2ACAA2049B91}.Debug|Any CPU.ActiveCfg = Debug|Any CPU
		{497CEDD1-2862-4913-B877-2ACAA2049B91}.Debug|Any CPU.Build.0 = Debug|Any CPU
		{497CEDD1-2862-4913-B877-2ACAA2049B91}.Release|Any CPU.ActiveCfg = Release|Any CPU
		{497CEDD1-2862-4913-B877-2ACAA2049B91}.Release|Any CPU.Build.0 = Release|Any CPU
		{C6113648-1422-4BC3-8A91-3405DE760841}.Debug|Any CPU.ActiveCfg = Debug|Any CPU
		{C6113648-1422-4BC3-8A91-3405DE760841}.Debug|Any CPU.Build.0 = Debug|Any CPU
		{C6113648-1422-4BC3-8A91-3405DE760841}.Release|Any CPU.ActiveCfg = Release|Any CPU
		{C6113648-1422-4BC3-8A91-3405DE760841}.Release|Any CPU.Build.0 = Release|Any CPU
	EndGlobalSection
	GlobalSection(SolutionProperties) = preSolution
		HideSolutionNode = FALSE
	EndGlobalSection
	GlobalSection(ExtensibilityGlobals) = postSolution
		SolutionGuid = {F82A211F-BA35-4502-8B5D-50BA46BBBBDB}
	EndGlobalSection
EndGlobal
